// !$*UTF8*$!
{
	archiveVersion = 1;
	classes = {
	};
	objectVersion = 48;
	objects = {

/* Begin PBXBuildFile section */
		1F37990A20883778000F8F49 /* AppDelegate.swift in Sources */ = {isa = PBXBuildFile; fileRef = 1F37990920883778000F8F49 /* AppDelegate.swift */; };
		1F37990F20883778000F8F49 /* Main.storyboard in Resources */ = {isa = PBXBuildFile; fileRef = 1F37990D20883778000F8F49 /* Main.storyboard */; };
		1F37991220883778000F8F49 /* SimpleBle.xcdatamodeld in Sources */ = {isa = PBXBuildFile; fileRef = 1F37991020883778000F8F49 /* SimpleBle.xcdatamodeld */; };
		1F37991420883778000F8F49 /* Assets.xcassets in Resources */ = {isa = PBXBuildFile; fileRef = 1F37991320883778000F8F49 /* Assets.xcassets */; };
		1F37991720883778000F8F49 /* LaunchScreen.storyboard in Resources */ = {isa = PBXBuildFile; fileRef = 1F37991520883778000F8F49 /* LaunchScreen.storyboard */; };
		1F379920208838EE000F8F49 /* ScanTableViewController.swift in Sources */ = {isa = PBXBuildFile; fileRef = 1F37991F208838EE000F8F49 /* ScanTableViewController.swift */; };
		1F3799232088393E000F8F49 /* ScanDeviceDataSource.swift in Sources */ = {isa = PBXBuildFile; fileRef = 1F3799222088393E000F8F49 /* ScanDeviceDataSource.swift */; };
		CEC261852096B5B2005210E4 /* MainViewController.swift in Sources */ = {isa = PBXBuildFile; fileRef = CEC261842096B5B2005210E4 /* MainViewController.swift */; };
		CEC261872096C571005210E4 /* ScanDataSource.swift in Sources */ = {isa = PBXBuildFile; fileRef = CEC261862096C571005210E4 /* ScanDataSource.swift */; };
		CEC30D662093D8320051BEE8 /* ConnectedPeripheralDataSource.swift in Sources */ = {isa = PBXBuildFile; fileRef = CEC30D652093D8320051BEE8 /* ConnectedPeripheralDataSource.swift */; };
/* End PBXBuildFile section */

/* Begin PBXFileReference section */
		1F37990620883778000F8F49 /* SimpleBle.app */ = {isa = PBXFileReference; explicitFileType = wrapper.application; includeInIndex = 0; path = SimpleBle.app; sourceTree = BUILT_PRODUCTS_DIR; };
		1F37990920883778000F8F49 /* AppDelegate.swift */ = {isa = PBXFileReference; lastKnownFileType = sourcecode.swift; path = AppDelegate.swift; sourceTree = "<group>"; };
		1F37990E20883778000F8F49 /* Base */ = {isa = PBXFileReference; lastKnownFileType = file.storyboard; name = Base; path = Base.lproj/Main.storyboard; sourceTree = "<group>"; };
		1F37991120883778000F8F49 /* SimpleBle.xcdatamodel */ = {isa = PBXFileReference; lastKnownFileType = wrapper.xcdatamodel; path = SimpleBle.xcdatamodel; sourceTree = "<group>"; };
		1F37991320883778000F8F49 /* Assets.xcassets */ = {isa = PBXFileReference; lastKnownFileType = folder.assetcatalog; path = Assets.xcassets; sourceTree = "<group>"; };
		1F37991620883778000F8F49 /* Base */ = {isa = PBXFileReference; lastKnownFileType = file.storyboard; name = Base; path = Base.lproj/LaunchScreen.storyboard; sourceTree = "<group>"; };
		1F37991820883778000F8F49 /* Info.plist */ = {isa = PBXFileReference; lastKnownFileType = text.plist.xml; path = Info.plist; sourceTree = "<group>"; };
		1F37991F208838EE000F8F49 /* ScanTableViewController.swift */ = {isa = PBXFileReference; lastKnownFileType = sourcecode.swift; path = ScanTableViewController.swift; sourceTree = "<group>"; };
		1F3799222088393E000F8F49 /* ScanDeviceDataSource.swift */ = {isa = PBXFileReference; lastKnownFileType = sourcecode.swift; path = ScanDeviceDataSource.swift; sourceTree = "<group>"; };
		CEC261842096B5B2005210E4 /* MainViewController.swift */ = {isa = PBXFileReference; lastKnownFileType = sourcecode.swift; path = MainViewController.swift; sourceTree = "<group>"; };
		CEC261862096C571005210E4 /* ScanDataSource.swift */ = {isa = PBXFileReference; lastKnownFileType = sourcecode.swift; path = ScanDataSource.swift; sourceTree = "<group>"; };
		CEC30D622093D7320051BEE8 /* ConnectedPeripheralTableViewController.swift */ = {isa = PBXFileReference; lastKnownFileType = sourcecode.swift; path = ConnectedPeripheralTableViewController.swift; sourceTree = "<group>"; };
		CEC30D652093D8320051BEE8 /* ConnectedPeripheralDataSource.swift */ = {isa = PBXFileReference; lastKnownFileType = sourcecode.swift; path = ConnectedPeripheralDataSource.swift; sourceTree = "<group>"; };
/* End PBXFileReference section */

/* Begin PBXFrameworksBuildPhase section */
		1F37990320883778000F8F49 /* Frameworks */ = {
			isa = PBXFrameworksBuildPhase;
			buildActionMask = 2147483647;
			files = (
			);
			runOnlyForDeploymentPostprocessing = 0;
		};
/* End PBXFrameworksBuildPhase section */

/* Begin PBXGroup section */
		1F3798FD20883778000F8F49 = {
			isa = PBXGroup;
			children = (
				1F37990820883778000F8F49 /* SimpleBle */,
				1F37990720883778000F8F49 /* Products */,
			);
			sourceTree = "<group>";
		};
		1F37990720883778000F8F49 /* Products */ = {
			isa = PBXGroup;
			children = (
				1F37990620883778000F8F49 /* SimpleBle.app */,
			);
			name = Products;
			sourceTree = "<group>";
		};
		1F37990820883778000F8F49 /* SimpleBle */ = {
			isa = PBXGroup;
			children = (
				CEC261492096ABA0005210E4 /* Ble */,
				1F3799212088391C000F8F49 /* DataSource */,
				1F37990920883778000F8F49 /* AppDelegate.swift */,
				1F37991E208838C2000F8F49 /* storyboards */,
				1F37990D20883778000F8F49 /* Main.storyboard */,
				1F37991320883778000F8F49 /* Assets.xcassets */,
				1F37991520883778000F8F49 /* LaunchScreen.storyboard */,
				1F37991820883778000F8F49 /* Info.plist */,
				1F37991020883778000F8F49 /* SimpleBle.xcdatamodeld */,
			);
			path = SimpleBle;
			sourceTree = "<group>";
		};
		1F37991E208838C2000F8F49 /* storyboards */ = {
			isa = PBXGroup;
			children = (
				CEC30D622093D7320051BEE8 /* ConnectedPeripheralTableViewController.swift */,
				1F37991F208838EE000F8F49 /* ScanTableViewController.swift */,
				CEC261842096B5B2005210E4 /* MainViewController.swift */,
			);
			path = storyboards;
			sourceTree = "<group>";
		};
		1F3799212088391C000F8F49 /* DataSource */ = {
			isa = PBXGroup;
			children = (
				1F3799222088393E000F8F49 /* ScanDeviceDataSource.swift */,
				CEC30D652093D8320051BEE8 /* ConnectedPeripheralDataSource.swift */,
				CEC261862096C571005210E4 /* ScanDataSource.swift */,
			);
			path = DataSource;
			sourceTree = "<group>";
		};
		CEC261492096ABA0005210E4 /* Ble */ = {
			isa = PBXGroup;
			children = (
			);
			path = Ble;
			sourceTree = "<group>";
		};
/* End PBXGroup section */

/* Begin PBXNativeTarget section */
		1F37990520883778000F8F49 /* SimpleBle */ = {
			isa = PBXNativeTarget;
			buildConfigurationList = 1F37991B20883778000F8F49 /* Build configuration list for PBXNativeTarget "SimpleBle" */;
			buildPhases = (
				1F37990220883778000F8F49 /* Sources */,
				1F37990320883778000F8F49 /* Frameworks */,
				1F37990420883778000F8F49 /* Resources */,
			);
			buildRules = (
			);
			dependencies = (
			);
			name = SimpleBle;
			productName = SimpleBle;
			productReference = 1F37990620883778000F8F49 /* SimpleBle.app */;
			productType = "com.apple.product-type.application";
		};
/* End PBXNativeTarget section */

/* Begin PBXProject section */
		1F3798FE20883778000F8F49 /* Project object */ = {
			isa = PBXProject;
			attributes = {
				LastSwiftUpdateCheck = 0920;
				LastUpgradeCheck = 0920;
				ORGANIZATIONNAME = "tsuyoshi hyuga";
				TargetAttributes = {
					1F37990520883778000F8F49 = {
						CreatedOnToolsVersion = 9.2;
						ProvisioningStyle = Automatic;
					};
				};
			};
			buildConfigurationList = 1F37990120883778000F8F49 /* Build configuration list for PBXProject "SimpleBle" */;
			compatibilityVersion = "Xcode 8.0";
			developmentRegion = en;
			hasScannedForEncodings = 0;
			knownRegions = (
				en,
				Base,
			);
			mainGroup = 1F3798FD20883778000F8F49;
			productRefGroup = 1F37990720883778000F8F49 /* Products */;
			projectDirPath = "";
			projectRoot = "";
			targets = (
				1F37990520883778000F8F49 /* SimpleBle */,
			);
		};
/* End PBXProject section */

/* Begin PBXResourcesBuildPhase section */
		1F37990420883778000F8F49 /* Resources */ = {
			isa = PBXResourcesBuildPhase;
			buildActionMask = 2147483647;
			files = (
				1F37991720883778000F8F49 /* LaunchScreen.storyboard in Resources */,
				1F37991420883778000F8F49 /* Assets.xcassets in Resources */,
				1F37990F20883778000F8F49 /* Main.storyboard in Resources */,
			);
			runOnlyForDeploymentPostprocessing = 0;
		};
/* End PBXResourcesBuildPhase section */

/* Begin PBXSourcesBuildPhase section */
		1F37990220883778000F8F49 /* Sources */ = {
			isa = PBXSourcesBuildPhase;
			buildActionMask = 2147483647;
			files = (
				1F379920208838EE000F8F49 /* ScanTableViewController.swift in Sources */,
				1F37991220883778000F8F49 /* SimpleBle.xcdatamodeld in Sources */,
				1F3799232088393E000F8F49 /* ScanDeviceDataSource.swift in Sources */,
				CEC261872096C571005210E4 /* ScanDataSource.swift in Sources */,
				CEC30D662093D8320051BEE8 /* ConnectedPeripheralDataSource.swift in Sources */,
				1F37990A20883778000F8F49 /* AppDelegate.swift in Sources */,
				CEC261852096B5B2005210E4 /* MainViewController.swift in Sources */,
			);
			runOnlyForDeploymentPostprocessing = 0;
		};
/* End PBXSourcesBuildPhase section */

/* Begin PBXVariantGroup section */
		1F37990D20883778000F8F49 /* Main.storyboard */ = {
			isa = PBXVariantGroup;
			children = (
				1F37990E20883778000F8F49 /* Base */,
			);
			name = Main.storyboard;
			sourceTree = "<group>";
		};
		1F37991520883778000F8F49 /* LaunchScreen.storyboard */ = {
			isa = PBXVariantGroup;
			children = (
				1F37991620883778000F8F49 /* Base */,
			);
			name = LaunchScreen.storyboard;
			sourceTree = "<group>";
		};
/* End PBXVariantGroup section */

/* Begin XCBuildConfiguration section */
		1F37991920883778000F8F49 /* Debug */ = {
			isa = XCBuildConfiguration;
			buildSettings = {
				ALWAYS_SEARCH_USER_PATHS = NO;
				CLANG_ANALYZER_NONNULL = YES;
				CLANG_ANALYZER_NUMBER_OBJECT_CONVERSION = YES_AGGRESSIVE;
				CLANG_CXX_LANGUAGE_STANDARD = "gnu++14";
				CLANG_CXX_LIBRARY = "libc++";
				CLANG_ENABLE_MODULES = YES;
				CLANG_ENABLE_OBJC_ARC = YES;
				CLANG_WARN_BLOCK_CAPTURE_AUTORELEASING = YES;
				CLANG_WARN_BOOL_CONVERSION = YES;
				CLANG_WARN_COMMA = YES;
				CLANG_WARN_CONSTANT_CONVERSION = YES;
				CLANG_WARN_DIRECT_OBJC_ISA_USAGE = YES_ERROR;
				CLANG_WARN_DOCUMENTATION_COMMENTS = YES;
				CLANG_WARN_EMPTY_BODY = YES;
				CLANG_WARN_ENUM_CONVERSION = YES;
				CLANG_WARN_INFINITE_RECURSION = YES;
				CLANG_WARN_INT_CONVERSION = YES;
				CLANG_WARN_NON_LITERAL_NULL_CONVERSION = YES;
				CLANG_WARN_OBJC_LITERAL_CONVERSION = YES;
				CLANG_WARN_OBJC_ROOT_CLASS = YES_ERROR;
				CLANG_WARN_RANGE_LOOP_ANALYSIS = YES;
				CLANG_WARN_STRICT_PROTOTYPES = YES;
				CLANG_WARN_SUSPICIOUS_MOVE = YES;
				CLANG_WARN_UNGUARDED_AVAILABILITY = YES_AGGRESSIVE;
				CLANG_WARN_UNREACHABLE_CODE = YES;
				CLANG_WARN__DUPLICATE_METHOD_MATCH = YES;
				CODE_SIGN_IDENTITY = "iPhone Developer";
				COPY_PHASE_STRIP = NO;
				DEBUG_INFORMATION_FORMAT = dwarf;
				ENABLE_STRICT_OBJC_MSGSEND = YES;
				ENABLE_TESTABILITY = YES;
				GCC_C_LANGUAGE_STANDARD = gnu11;
				GCC_DYNAMIC_NO_PIC = NO;
				GCC_NO_COMMON_BLOCKS = YES;
				GCC_OPTIMIZATION_LEVEL = 0;
				GCC_PREPROCESSOR_DEFINITIONS = (
					"DEBUG=1",
					"$(inherited)",
				);
				GCC_WARN_64_TO_32_BIT_CONVERSION = YES;
				GCC_WARN_ABOUT_RETURN_TYPE = YES_ERROR;
				GCC_WARN_UNDECLARED_SELECTOR = YES;
				GCC_WARN_UNINITIALIZED_AUTOS = YES_AGGRESSIVE;
				GCC_WARN_UNUSED_FUNCTION = YES;
				GCC_WARN_UNUSED_VARIABLE = YES;
				IPHONEOS_DEPLOYMENT_TARGET = 11.2;
				MTL_ENABLE_DEBUG_INFO = YES;
				ONLY_ACTIVE_ARCH = YES;
				SDKROOT = iphoneos;
				SWIFT_ACTIVE_COMPILATION_CONDITIONS = DEBUG;
				SWIFT_OPTIMIZATION_LEVEL = "-Onone";
			};
			name = Debug;
		};
		1F37991A20883778000F8F49 /* Release */ = {
			isa = XCBuildConfiguration;
			buildSettings = {
				ALWAYS_SEARCH_USER_PATHS = NO;
				CLANG_ANALYZER_NONNULL = YES;
				CLANG_ANALYZER_NUMBER_OBJECT_CONVERSION = YES_AGGRESSIVE;
				CLANG_CXX_LANGUAGE_STANDARD = "gnu++14";
				CLANG_CXX_LIBRARY = "libc++";
				CLANG_ENABLE_MODULES = YES;
				CLANG_ENABLE_OBJC_ARC = YES;
				CLANG_WARN_BLOCK_CAPTURE_AUTORELEASING = YES;
				CLANG_WARN_BOOL_CONVERSION = YES;
				CLANG_WARN_COMMA = YES;
				CLANG_WARN_CONSTANT_CONVERSION = YES;
				CLANG_WARN_DIRECT_OBJC_ISA_USAGE = YES_ERROR;
				CLANG_WARN_DOCUMENTATION_COMMENTS = YES;
				CLANG_WARN_EMPTY_BODY = YES;
				CLANG_WARN_ENUM_CONVERSION = YES;
				CLANG_WARN_INFINITE_RECURSION = YES;
				CLANG_WARN_INT_CONVERSION = YES;
				CLANG_WARN_NON_LITERAL_NULL_CONVERSION = YES;
				CLANG_WARN_OBJC_LITERAL_CONVERSION = YES;
				CLANG_WARN_OBJC_ROOT_CLASS = YES_ERROR;
				CLANG_WARN_RANGE_LOOP_ANALYSIS = YES;
				CLANG_WARN_STRICT_PROTOTYPES = YES;
				CLANG_WARN_SUSPICIOUS_MOVE = YES;
				CLANG_WARN_UNGUARDED_AVAILABILITY = YES_AGGRESSIVE;
				CLANG_WARN_UNREACHABLE_CODE = YES;
				CLANG_WARN__DUPLICATE_METHOD_MATCH = YES;
				CODE_SIGN_IDENTITY = "iPhone Developer";
				COPY_PHASE_STRIP = NO;
				DEBUG_INFORMATION_FORMAT = "dwarf-with-dsym";
				ENABLE_NS_ASSERTIONS = NO;
				ENABLE_STRICT_OBJC_MSGSEND = YES;
				GCC_C_LANGUAGE_STANDARD = gnu11;
				GCC_NO_COMMON_BLOCKS = YES;
				GCC_WARN_64_TO_32_BIT_CONVERSION = YES;
				GCC_WARN_ABOUT_RETURN_TYPE = YES_ERROR;
				GCC_WARN_UNDECLARED_SELECTOR = YES;
				GCC_WARN_UNINITIALIZED_AUTOS = YES_AGGRESSIVE;
				GCC_WARN_UNUSED_FUNCTION = YES;
				GCC_WARN_UNUSED_VARIABLE = YES;
				IPHONEOS_DEPLOYMENT_TARGET = 11.2;
				MTL_ENABLE_DEBUG_INFO = NO;
				SDKROOT = iphoneos;
				SWIFT_OPTIMIZATION_LEVEL = "-Owholemodule";
				VALIDATE_PRODUCT = YES;
			};
			name = Release;
		};
		1F37991C20883778000F8F49 /* Debug */ = {
			isa = XCBuildConfiguration;
			buildSettings = {
				ASSETCATALOG_COMPILER_APPICON_NAME = AppIcon;
				CODE_SIGN_STYLE = Automatic;
				DEVELOPMENT_TEAM = J96677DK6N;
				INFOPLIST_FILE = SimpleBle/Info.plist;
				LD_RUNPATH_SEARCH_PATHS = "$(inherited) @executable_path/Frameworks";
				PRODUCT_BUNDLE_IDENTIFIER = jp.coe.SimpleBle;
				PRODUCT_NAME = "$(TARGET_NAME)";
				SWIFT_VERSION = 4.0;
				TARGETED_DEVICE_FAMILY = "1,2";
			};
			name = Debug;
		};
		1F37991D20883778000F8F49 /* Release */ = {
			isa = XCBuildConfiguration;
			buildSettings = {
				ASSETCATALOG_COMPILER_APPICON_NAME = AppIcon;
				CODE_SIGN_STYLE = Automatic;
				DEVELOPMENT_TEAM = J96677DK6N;
				INFOPLIST_FILE = SimpleBle/Info.plist;
				LD_RUNPATH_SEARCH_PATHS = "$(inherited) @executable_path/Frameworks";
				PRODUCT_BUNDLE_IDENTIFIER = jp.coe.SimpleBle;
				PRODUCT_NAME = "$(TARGET_NAME)";
				SWIFT_VERSION = 4.0;
				TARGETED_DEVICE_FAMILY = "1,2";
			};
			name = Release;
		};
/* End XCBuildConfiguration section */

/* Begin XCConfigurationList section */
		1F37990120883778000F8F49 /* Build configuration list for PBXProject "SimpleBle" */ = {
			isa = XCConfigurationList;
			buildConfigurations = (
				1F37991920883778000F8F49 /* Debug */,
				1F37991A20883778000F8F49 /* Release */,
			);
			defaultConfigurationIsVisible = 0;
			defaultConfigurationName = Release;
		};
		1F37991B20883778000F8F49 /* Build configuration list for PBXNativeTarget "SimpleBle" */ = {
			isa = XCConfigurationList;
			buildConfigurations = (
				1F37991C20883778000F8F49 /* Debug */,
				1F37991D20883778000F8F49 /* Release */,
			);
			defaultConfigurationIsVisible = 0;
			defaultConfigurationName = Release;
		};
/* End XCConfigurationList section */

/* Begin XCVersionGroup section */
		1F37991020883778000F8F49 /* SimpleBle.xcdatamodeld */ = {
			isa = XCVersionGroup;
			children = (
				1F37991120883778000F8F49 /* SimpleBle.xcdatamodel */,
			);
			currentVersion = 1F37991120883778000F8F49 /* SimpleBle.xcdatamodel */;
			path = SimpleBle.xcdatamodeld;
			sourceTree = "<group>";
			versionGroupType = wrapper.xcdatamodel;
		};
/* End XCVersionGroup section */
	};
	rootObject = 1F3798FE20883778000F8F49 /* Project object */;
}
